// !$*UTF8*$!
{
	archiveVersion = 1;
	classes = {
	};
	objectVersion = 46;
	objects = {

/* Begin PBXBuildFile section */
		DE5657241BD3B4BB008A3D40 /* AppDelegate.swift in Sources */ = {isa = PBXBuildFile; fileRef = DE5657231BD3B4BB008A3D40 /* AppDelegate.swift */; };
		DE5657261BD3B4BB008A3D40 /* ViewController.swift in Sources */ = {isa = PBXBuildFile; fileRef = DE5657251BD3B4BB008A3D40 /* ViewController.swift */; };
		DE5657291BD3B4BB008A3D40 /* Main.storyboard in Resources */ = {isa = PBXBuildFile; fileRef = DE5657271BD3B4BB008A3D40 /* Main.storyboard */; };
		DE56572B1BD3B4BB008A3D40 /* Assets.xcassets in Resources */ = {isa = PBXBuildFile; fileRef = DE56572A1BD3B4BB008A3D40 /* Assets.xcassets */; };
		DE56572E1BD3B4BB008A3D40 /* LaunchScreen.storyboard in Resources */ = {isa = PBXBuildFile; fileRef = DE56572C1BD3B4BB008A3D40 /* LaunchScreen.storyboard */; };
		DE5657391BD3B4BB008A3D40 /* SectionTests.swift in Sources */ = {isa = PBXBuildFile; fileRef = DE5657381BD3B4BB008A3D40 /* SectionTests.swift */; };
		DE5657441BD3B4BB008A3D40 /* SectionUITests.swift in Sources */ = {isa = PBXBuildFile; fileRef = DE5657431BD3B4BB008A3D40 /* SectionUITests.swift */; };
		DE5657521BD3B541008A3D40 /* sortednames.plist in Resources */ = {isa = PBXBuildFile; fileRef = DE5657511BD3B541008A3D40 /* sortednames.plist */; settings = {ASSET_TAGS = (); }; };
/* End PBXBuildFile section */

/* Begin PBXContainerItemProxy section */
		DE5657351BD3B4BB008A3D40 /* PBXContainerItemProxy */ = {
			isa = PBXContainerItemProxy;
			containerPortal = DE5657181BD3B4BB008A3D40 /* Project object */;
			proxyType = 1;
			remoteGlobalIDString = DE56571F1BD3B4BB008A3D40;
			remoteInfo = Section;
		};
		DE5657401BD3B4BB008A3D40 /* PBXContainerItemProxy */ = {
			isa = PBXContainerItemProxy;
			containerPortal = DE5657181BD3B4BB008A3D40 /* Project object */;
			proxyType = 1;
			remoteGlobalIDString = DE56571F1BD3B4BB008A3D40;
			remoteInfo = Section;
		};
/* End PBXContainerItemProxy section */

/* Begin PBXFileReference section */
		DE5657201BD3B4BB008A3D40 /* Section.app */ = {isa = PBXFileReference; explicitFileType = wrapper.application; includeInIndex = 0; path = Section.app; sourceTree = BUILT_PRODUCTS_DIR; };
		DE5657231BD3B4BB008A3D40 /* AppDelegate.swift */ = {isa = PBXFileReference; lastKnownFileType = sourcecode.swift; path = AppDelegate.swift; sourceTree = "<group>"; };
		DE5657251BD3B4BB008A3D40 /* ViewController.swift */ = {isa = PBXFileReference; lastKnownFileType = sourcecode.swift; path = ViewController.swift; sourceTree = "<group>"; };
		DE5657281BD3B4BB008A3D40 /* Base */ = {isa = PBXFileReference; lastKnownFileType = file.storyboard; name = Base; path = Base.lproj/Main.storyboard; sourceTree = "<group>"; };
		DE56572A1BD3B4BB008A3D40 /* Assets.xcassets */ = {isa = PBXFileReference; lastKnownFileType = folder.assetcatalog; path = Assets.xcassets; sourceTree = "<group>"; };
		DE56572D1BD3B4BB008A3D40 /* Base */ = {isa = PBXFileReference; lastKnownFileType = file.storyboard; name = Base; path = Base.lproj/LaunchScreen.storyboard; sourceTree = "<group>"; };
		DE56572F1BD3B4BB008A3D40 /* Info.plist */ = {isa = PBXFileReference; lastKnownFileType = text.plist.xml; path = Info.plist; sourceTree = "<group>"; };
		DE5657341BD3B4BB008A3D40 /* SectionTests.xctest */ = {isa = PBXFileReference; explicitFileType = wrapper.cfbundle; includeInIndex = 0; path = SectionTests.xctest; sourceTree = BUILT_PRODUCTS_DIR; };
		DE5657381BD3B4BB008A3D40 /* SectionTests.swift */ = {isa = PBXFileReference; lastKnownFileType = sourcecode.swift; path = SectionTests.swift; sourceTree = "<group>"; };
		DE56573A1BD3B4BB008A3D40 /* Info.plist */ = {isa = PBXFileReference; lastKnownFileType = text.plist.xml; path = Info.plist; sourceTree = "<group>"; };
		DE56573F1BD3B4BB008A3D40 /* SectionUITests.xctest */ = {isa = PBXFileReference; explicitFileType = wrapper.cfbundle; includeInIndex = 0; path = SectionUITests.xctest; sourceTree = BUILT_PRODUCTS_DIR; };
		DE5657431BD3B4BB008A3D40 /* SectionUITests.swift */ = {isa = PBXFileReference; lastKnownFileType = sourcecode.swift; path = SectionUITests.swift; sourceTree = "<group>"; };
		DE5657451BD3B4BB008A3D40 /* Info.plist */ = {isa = PBXFileReference; lastKnownFileType = text.plist.xml; path = Info.plist; sourceTree = "<group>"; };
		DE5657511BD3B541008A3D40 /* sortednames.plist */ = {isa = PBXFileReference; fileEncoding = 4; lastKnownFileType = text.plist.xml; name = sortednames.plist; path = "../../../../Downloads/Swift源代码归档文件/Examples/08 - Sections Data/sortednames.plist"; sourceTree = "<group>"; };
/* End PBXFileReference section */

/* Begin PBXFrameworksBuildPhase section */
		DE56571D1BD3B4BB008A3D40 /* Frameworks */ = {
			isa = PBXFrameworksBuildPhase;
			buildActionMask = 2147483647;
			files = (
			);
			runOnlyForDeploymentPostprocessing = 0;
		};
		DE5657311BD3B4BB008A3D40 /* Frameworks */ = {
			isa = PBXFrameworksBuildPhase;
			buildActionMask = 2147483647;
			files = (
			);
			runOnlyForDeploymentPostprocessing = 0;
		};
		DE56573C1BD3B4BB008A3D40 /* Frameworks */ = {
			isa = PBXFrameworksBuildPhase;
			buildActionMask = 2147483647;
			files = (
			);
			runOnlyForDeploymentPostprocessing = 0;
		};
/* End PBXFrameworksBuildPhase section */

/* Begin PBXGroup section */
		DE5657171BD3B4BB008A3D40 = {
			isa = PBXGroup;
			children = (
				DE5657221BD3B4BB008A3D40 /* Section */,
				DE5657371BD3B4BB008A3D40 /* SectionTests */,
				DE5657421BD3B4BB008A3D40 /* SectionUITests */,
				DE5657211BD3B4BB008A3D40 /* Products */,
			);
			sourceTree = "<group>";
		};
		DE5657211BD3B4BB008A3D40 /* Products */ = {
			isa = PBXGroup;
			children = (
				DE5657201BD3B4BB008A3D40 /* Section.app */,
				DE5657341BD3B4BB008A3D40 /* SectionTests.xctest */,
				DE56573F1BD3B4BB008A3D40 /* SectionUITests.xctest */,
			);
			name = Products;
			sourceTree = "<group>";
		};
		DE5657221BD3B4BB008A3D40 /* Section */ = {
			isa = PBXGroup;
			children = (
				DE5657231BD3B4BB008A3D40 /* AppDelegate.swift */,
				DE5657251BD3B4BB008A3D40 /* ViewController.swift */,
				DE5657271BD3B4BB008A3D40 /* Main.storyboard */,
				DE56572A1BD3B4BB008A3D40 /* Assets.xcassets */,
				DE56572C1BD3B4BB008A3D40 /* LaunchScreen.storyboard */,
				DE56572F1BD3B4BB008A3D40 /* Info.plist */,
				DE5657511BD3B541008A3D40 /* sortednames.plist */,
			);
			path = Section;
			sourceTree = "<group>";
		};
		DE5657371BD3B4BB008A3D40 /* SectionTests */ = {
			isa = PBXGroup;
			children = (
				DE5657381BD3B4BB008A3D40 /* SectionTests.swift */,
				DE56573A1BD3B4BB008A3D40 /* Info.plist */,
			);
			path = SectionTests;
			sourceTree = "<group>";
		};
		DE5657421BD3B4BB008A3D40 /* SectionUITests */ = {
			isa = PBXGroup;
			children = (
				DE5657431BD3B4BB008A3D40 /* SectionUITests.swift */,
				DE5657451BD3B4BB008A3D40 /* Info.plist */,
			);
			path = SectionUITests;
			sourceTree = "<group>";
		};
/* End PBXGroup section */

/* Begin PBXNativeTarget section */
		DE56571F1BD3B4BB008A3D40 /* Section */ = {
			isa = PBXNativeTarget;
			buildConfigurationList = DE5657481BD3B4BB008A3D40 /* Build configuration list for PBXNativeTarget "Section" */;
			buildPhases = (
				DE56571C1BD3B4BB008A3D40 /* Sources */,
				DE56571D1BD3B4BB008A3D40 /* Frameworks */,
				DE56571E1BD3B4BB008A3D40 /* Resources */,
			);
			buildRules = (
			);
			dependencies = (
			);
			name = Section;
			productName = Section;
			productReference = DE5657201BD3B4BB008A3D40 /* Section.app */;
			productType = "com.apple.product-type.application";
		};
		DE5657331BD3B4BB008A3D40 /* SectionTests */ = {
			isa = PBXNativeTarget;
			buildConfigurationList = DE56574B1BD3B4BB008A3D40 /* Build configuration list for PBXNativeTarget "SectionTests" */;
			buildPhases = (
				DE5657301BD3B4BB008A3D40 /* Sources */,
				DE5657311BD3B4BB008A3D40 /* Frameworks */,
				DE5657321BD3B4BB008A3D40 /* Resources */,
			);
			buildRules = (
			);
			dependencies = (
				DE5657361BD3B4BB008A3D40 /* PBXTargetDependency */,
			);
			name = SectionTests;
			productName = SectionTests;
			productReference = DE5657341BD3B4BB008A3D40 /* SectionTests.xctest */;
			productType = "com.apple.product-type.bundle.unit-test";
		};
		DE56573E1BD3B4BB008A3D40 /* SectionUITests */ = {
			isa = PBXNativeTarget;
			buildConfigurationList = DE56574E1BD3B4BB008A3D40 /* Build configuration list for PBXNativeTarget "SectionUITests" */;
			buildPhases = (
				DE56573B1BD3B4BB008A3D40 /* Sources */,
				DE56573C1BD3B4BB008A3D40 /* Frameworks */,
				DE56573D1BD3B4BB008A3D40 /* Resources */,
			);
			buildRules = (
			);
			dependencies = (
				DE5657411BD3B4BB008A3D40 /* PBXTargetDependency */,
			);
			name = SectionUITests;
			productName = SectionUITests;
			productReference = DE56573F1BD3B4BB008A3D40 /* SectionUITests.xctest */;
			productType = "com.apple.product-type.bundle.ui-testing";
		};
/* End PBXNativeTarget section */

/* Begin PBXProject section */
		DE5657181BD3B4BB008A3D40 /* Project object */ = {
			isa = PBXProject;
			attributes = {
				LastUpgradeCheck = 0700;
				ORGANIZATIONNAME = "张培栋";
				TargetAttributes = {
					DE56571F1BD3B4BB008A3D40 = {
						CreatedOnToolsVersion = 7.0.1;
					};
					DE5657331BD3B4BB008A3D40 = {
						CreatedOnToolsVersion = 7.0.1;
						TestTargetID = DE56571F1BD3B4BB008A3D40;
					};
					DE56573E1BD3B4BB008A3D40 = {
						CreatedOnToolsVersion = 7.0.1;
						TestTargetID = DE56571F1BD3B4BB008A3D40;
					};
				};
			};
			buildConfigurationList = DE56571B1BD3B4BB008A3D40 /* Build configuration list for PBXProject "Section" */;
			compatibilityVersion = "Xcode 3.2";
			developmentRegion = English;
			hasScannedForEncodings = 0;
			knownRegions = (
				en,
				Base,
			);
			mainGroup = DE5657171BD3B4BB008A3D40;
			productRefGroup = DE5657211BD3B4BB008A3D40 /* Products */;
			projectDirPath = "";
			projectRoot = "";
			targets = (
				DE56571F1BD3B4BB008A3D40 /* Section */,
				DE5657331BD3B4BB008A3D40 /* SectionTests */,
				DE56573E1BD3B4BB008A3D40 /* SectionUITests */,
			);
		};
/* End PBXProject section */

/* Begin PBXResourcesBuildPhase section */
		DE56571E1BD3B4BB008A3D40 /* Resources */ = {
			isa = PBXResourcesBuildPhase;
			buildActionMask = 2147483647;
			files = (
				DE5657521BD3B541008A3D40 /* sortednames.plist in Resources */,
				DE56572E1BD3B4BB008A3D40 /* LaunchScreen.storyboard in Resources */,
				DE56572B1BD3B4BB008A3D40 /* Assets.xcassets in Resources */,
				DE5657291BD3B4BB008A3D40 /* Main.storyboard in Resources */,
			);
			runOnlyForDeploymentPostprocessing = 0;
		};
		DE5657321BD3B4BB008A3D40 /* Resources */ = {
			isa = PBXResourcesBuildPhase;
			buildActionMask = 2147483647;
			files = (
			);
			runOnlyForDeploymentPostprocessing = 0;
		};
		DE56573D1BD3B4BB008A3D40 /* Resources */ = {
			isa = PBXResourcesBuildPhase;
			buildActionMask = 2147483647;
			files = (
			);
			runOnlyForDeploymentPostprocessing = 0;
		};
/* End PBXResourcesBuildPhase section */

/* Begin PBXSourcesBuildPhase section */
		DE56571C1BD3B4BB008A3D40 /* Sources */ = {
			isa = PBXSourcesBuildPhase;
			buildActionMask = 2147483647;
			files = (
				DE5657261BD3B4BB008A3D40 /* ViewController.swift in Sources */,
				DE5657241BD3B4BB008A3D40 /* AppDelegate.swift in Sources */,
			);
			runOnlyForDeploymentPostprocessing = 0;
		};
		DE5657301BD3B4BB008A3D40 /* Sources */ = {
			isa = PBXSourcesBuildPhase;
			buildActionMask = 2147483647;
			files = (
				DE5657391BD3B4BB008A3D40 /* SectionTests.swift in Sources */,
			);
			runOnlyForDeploymentPostprocessing = 0;
		};
		DE56573B1BD3B4BB008A3D40 /* Sources */ = {
			isa = PBXSourcesBuildPhase;
			buildActionMask = 2147483647;
			files = (
				DE5657441BD3B4BB008A3D40 /* SectionUITests.swift in Sources */,
			);
			runOnlyForDeploymentPostprocessing = 0;
		};
/* End PBXSourcesBuildPhase section */

/* Begin PBXTargetDependency section */
		DE5657361BD3B4BB008A3D40 /* PBXTargetDependency */ = {
			isa = PBXTargetDependency;
			target = DE56571F1BD3B4BB008A3D40 /* Section */;
			targetProxy = DE5657351BD3B4BB008A3D40 /* PBXContainerItemProxy */;
		};
		DE5657411BD3B4BB008A3D40 /* PBXTargetDependency */ = {
			isa = PBXTargetDependency;
			target = DE56571F1BD3B4BB008A3D40 /* Section */;
			targetProxy = DE5657401BD3B4BB008A3D40 /* PBXContainerItemProxy */;
		};
/* End PBXTargetDependency section */

/* Begin PBXVariantGroup section */
		DE5657271BD3B4BB008A3D40 /* Main.storyboard */ = {
			isa = PBXVariantGroup;
			children = (
				DE5657281BD3B4BB008A3D40 /* Base */,
			);
			name = Main.storyboard;
			sourceTree = "<group>";
		};
		DE56572C1BD3B4BB008A3D40 /* LaunchScreen.storyboard */ = {
			isa = PBXVariantGroup;
			children = (
				DE56572D1BD3B4BB008A3D40 /* Base */,
			);
			name = LaunchScreen.storyboard;
			sourceTree = "<group>";
		};
/* End PBXVariantGroup section */

/* Begin XCBuildConfiguration section */
		DE5657461BD3B4BB008A3D40 /* Debug */ = {
			isa = XCBuildConfiguration;
			buildSettings = {
				ALWAYS_SEARCH_USER_PATHS = NO;
				CLANG_CXX_LANGUAGE_STANDARD = "gnu++0x";
				CLANG_CXX_LIBRARY = "libc++";
				CLANG_ENABLE_MODULES = YES;
				CLANG_ENABLE_OBJC_ARC = YES;
				CLANG_WARN_BOOL_CONVERSION = YES;
				CLANG_WARN_CONSTANT_CONVERSION = YES;
				CLANG_WARN_DIRECT_OBJC_ISA_USAGE = YES_ERROR;
				CLANG_WARN_EMPTY_BODY = YES;
				CLANG_WARN_ENUM_CONVERSION = YES;
				CLANG_WARN_INT_CONVERSION = YES;
				CLANG_WARN_OBJC_ROOT_CLASS = YES_ERROR;
				CLANG_WARN_UNREACHABLE_CODE = YES;
				CLANG_WARN__DUPLICATE_METHOD_MATCH = YES;
				"CODE_SIGN_IDENTITY[sdk=iphoneos*]" = "iPhone Developer";
				COPY_PHASE_STRIP = NO;
				DEBUG_INFORMATION_FORMAT = dwarf;
				ENABLE_STRICT_OBJC_MSGSEND = YES;
				ENABLE_TESTABILITY = YES;
				GCC_C_LANGUAGE_STANDARD = gnu99;
				GCC_DYNAMIC_NO_PIC = NO;
				GCC_NO_COMMON_BLOCKS = YES;
				GCC_OPTIMIZATION_LEVEL = 0;
				GCC_PREPROCESSOR_DEFINITIONS = (
					"DEBUG=1",
					"$(inherited)",
				);
				GCC_WARN_64_TO_32_BIT_CONVERSION = YES;
				GCC_WARN_ABOUT_RETURN_TYPE = YES_ERROR;
				GCC_WARN_UNDECLARED_SELECTOR = YES;
				GCC_WARN_UNINITIALIZED_AUTOS = YES_AGGRESSIVE;
				GCC_WARN_UNUSED_FUNCTION = YES;
				GCC_WARN_UNUSED_VARIABLE = YES;
				IPHONEOS_DEPLOYMENT_TARGET = 9.0;
				MTL_ENABLE_DEBUG_INFO = YES;
				ONLY_ACTIVE_ARCH = YES;
				SDKROOT = iphoneos;
				SWIFT_OPTIMIZATION_LEVEL = "-Onone";
				TARGETED_DEVICE_FAMILY = "1,2";
			};
			name = Debug;
		};
		DE5657471BD3B4BB008A3D40 /* Release */ = {
			isa = XCBuildConfiguration;
			buildSettings = {
				ALWAYS_SEARCH_USER_PATHS = NO;
				CLANG_CXX_LANGUAGE_STANDARD = "gnu++0x";
				CLANG_CXX_LIBRARY = "libc++";
				CLANG_ENABLE_MODULES = YES;
				CLANG_ENABLE_OBJC_ARC = YES;
				CLANG_WARN_BOOL_CONVERSION = YES;
				CLANG_WARN_CONSTANT_CONVERSION = YES;
				CLANG_WARN_DIRECT_OBJC_ISA_USAGE = YES_ERROR;
				CLANG_WARN_EMPTY_BODY = YES;
				CLANG_WARN_ENUM_CONVERSION = YES;
				CLANG_WARN_INT_CONVERSION = YES;
				CLANG_WARN_OBJC_ROOT_CLASS = YES_ERROR;
				CLANG_WARN_UNREACHABLE_CODE = YES;
				CLANG_WARN__DUPLICATE_METHOD_MATCH = YES;
				"CODE_SIGN_IDENTITY[sdk=iphoneos*]" = "iPhone Developer";
				COPY_PHASE_STRIP = NO;
				DEBUG_INFORMATION_FORMAT = "dwarf-with-dsym";
				ENABLE_NS_ASSERTIONS = NO;
				ENABLE_STRICT_OBJC_MSGSEND = YES;
				GCC_C_LANGUAGE_STANDARD = gnu99;
				GCC_NO_COMMON_BLOCKS = YES;
				GCC_WARN_64_TO_32_BIT_CONVERSION = YES;
				GCC_WARN_ABOUT_RETURN_TYPE = YES_ERROR;
				GCC_WARN_UNDECLARED_SELECTOR = YES;
				GCC_WARN_UNINITIALIZED_AUTOS = YES_AGGRESSIVE;
				GCC_WARN_UNUSED_FUNCTION = YES;
				GCC_WARN_UNUSED_VARIABLE = YES;
				IPHONEOS_DEPLOYMENT_TARGET = 9.0;
				MTL_ENABLE_DEBUG_INFO = NO;
				SDKROOT = iphoneos;
				TARGETED_DEVICE_FAMILY = "1,2";
				VALIDATE_PRODUCT = YES;
			};
			name = Release;
		};
		DE5657491BD3B4BB008A3D40 /* Debug */ = {
			isa = XCBuildConfiguration;
			buildSettings = {
				ASSETCATALOG_COMPILER_APPICON_NAME = AppIcon;
				INFOPLIST_FILE = Section/Info.plist;
				LD_RUNPATH_SEARCH_PATHS = "$(inherited) @executable_path/Frameworks";
				PRODUCT_BUNDLE_IDENTIFIER = "-540480285-qq.com.Section";
				PRODUCT_NAME = "$(TARGET_NAME)";
			};
			name = Debug;
		};
		DE56574A1BD3B4BB008A3D40 /* Release */ = {
			isa = XCBuildConfiguration;
			buildSettings = {
				ASSETCATALOG_COMPILER_APPICON_NAME = AppIcon;
				INFOPLIST_FILE = Section/Info.plist;
				LD_RUNPATH_SEARCH_PATHS = "$(inherited) @executable_path/Frameworks";
				PRODUCT_BUNDLE_IDENTIFIER = "-540480285-qq.com.Section";
				PRODUCT_NAME = "$(TARGET_NAME)";
			};
			name = Release;
		};
		DE56574C1BD3B4BB008A3D40 /* Debug */ = {
			isa = XCBuildConfiguration;
			buildSettings = {
				BUNDLE_LOADER = "$(TEST_HOST)";
				INFOPLIST_FILE = SectionTests/Info.plist;
				LD_RUNPATH_SEARCH_PATHS = "$(inherited) @executable_path/Frameworks @loader_path/Frameworks";
				PRODUCT_BUNDLE_IDENTIFIER = "-540480285-qq.com.SectionTests";
				PRODUCT_NAME = "$(TARGET_NAME)";
				TEST_HOST = "$(BUILT_PRODUCTS_DIR)/Section.app/Section";
			};
			name = Debug;
		};
		DE56574D1BD3B4BB008A3D40 /* Release */ = {
			isa = XCBuildConfiguration;
			buildSettings = {
				BUNDLE_LOADER = "$(TEST_HOST)";
				INFOPLIST_FILE = SectionTests/Info.plist;
				LD_RUNPATH_SEARCH_PATHS = "$(inherited) @executable_path/Frameworks @loader_path/Frameworks";
				PRODUCT_BUNDLE_IDENTIFIER = "-540480285-qq.com.SectionTests";
				PRODUCT_NAME = "$(TARGET_NAME)";
				TEST_HOST = "$(BUILT_PRODUCTS_DIR)/Section.app/Section";
			};
			name = Release;
		};
		DE56574F1BD3B4BB008A3D40 /* Debug */ = {
			isa = XCBuildConfiguration;
			buildSettings = {
				INFOPLIST_FILE = SectionUITests/Info.plist;
				LD_RUNPATH_SEARCH_PATHS = "$(inherited) @executable_path/Frameworks @loader_path/Frameworks";
				PRODUCT_BUNDLE_IDENTIFIER = "-540480285-qq.com.SectionUITests";
				PRODUCT_NAME = "$(TARGET_NAME)";
				TEST_TARGET_NAME = Section;
				USES_XCTRUNNER = YES;
			};
			name = Debug;
		};
		DE5657501BD3B4BB008A3D40 /* Release */ = {
			isa = XCBuildConfiguration;
			buildSettings = {
				INFOPLIST_FILE = SectionUITests/Info.plist;
				LD_RUNPATH_SEARCH_PATHS = "$(inherited) @executable_path/Frameworks @loader_path/Frameworks";
				PRODUCT_BUNDLE_IDENTIFIER = "-540480285-qq.com.SectionUITests";
				PRODUCT_NAME = "$(TARGET_NAME)";
				TEST_TARGET_NAME = Section;
				USES_XCTRUNNER = YES;
			};
			name = Release;
		};
/* End XCBuildConfiguration section */

/* Begin XCConfigurationList section */
		DE56571B1BD3B4BB008A3D40 /* Build configuration list for PBXProject "Section" */ = {
			isa = XCConfigurationList;
			buildConfigurations = (
				DE5657461BD3B4BB008A3D40 /* Debug */,
				DE5657471BD3B4BB008A3D40 /* Release */,
			);
			defaultConfigurationIsVisible = 0;
			defaultConfigurationName = Release;
		};
		DE5657481BD3B4BB008A3D40 /* Build configuration list for PBXNativeTarget "Section" */ = {
			isa = XCConfigurationList;
			buildConfigurations = (
				DE5657491BD3B4BB008A3D40 /* Debug */,
				DE56574A1BD3B4BB008A3D40 /* Release */,
			);
			defaultConfigurationIsVisible = 0;
		};
		DE56574B1BD3B4BB008A3D40 /* Build configuration list for PBXNativeTarget "SectionTests" */ = {
			isa = XCConfigurationList;
			buildConfigurations = (
				DE56574C1BD3B4BB008A3D40 /* Debug */,
				DE56574D1BD3B4BB008A3D40 /* Release */,
			);
			defaultConfigurationIsVisible = 0;
		};
		DE56574E1BD3B4BB008A3D40 /* Build configuration list for PBXNativeTarget "SectionUITests" */ = {
			isa = XCConfigurationList;
			buildConfigurations = (
				DE56574F1BD3B4BB008A3D40 /* Debug */,
				DE5657501BD3B4BB008A3D40 /* Release */,
			);
			defaultConfigurationIsVisible = 0;
		};
/* End XCConfigurationList section */
	};
	rootObject = DE5657181BD3B4BB008A3D40 /* Project object */;
}
