// !$*UTF8*$!
{
	archiveVersion = 1;
	classes = {
	};
	objectVersion = 46;
	objects = {

/* Begin PBXBuildFile section */
		DEDB6FD51BCBD4D30069F0F0 /* AppDelegate.swift in Sources */ = {isa = PBXBuildFile; fileRef = DEDB6FD41BCBD4D30069F0F0 /* AppDelegate.swift */; };
		DEDB6FD71BCBD4D30069F0F0 /* ViewController.swift in Sources */ = {isa = PBXBuildFile; fileRef = DEDB6FD61BCBD4D30069F0F0 /* ViewController.swift */; };
		DEDB6FDA1BCBD4D30069F0F0 /* Main.storyboard in Resources */ = {isa = PBXBuildFile; fileRef = DEDB6FD81BCBD4D30069F0F0 /* Main.storyboard */; };
		DEDB6FDC1BCBD4D30069F0F0 /* Assets.xcassets in Resources */ = {isa = PBXBuildFile; fileRef = DEDB6FDB1BCBD4D30069F0F0 /* Assets.xcassets */; };
		DEDB6FDF1BCBD4D30069F0F0 /* LaunchScreen.storyboard in Resources */ = {isa = PBXBuildFile; fileRef = DEDB6FDD1BCBD4D30069F0F0 /* LaunchScreen.storyboard */; };
		DEDB6FEA1BCBD4D30069F0F0 /* RestructureTests.swift in Sources */ = {isa = PBXBuildFile; fileRef = DEDB6FE91BCBD4D30069F0F0 /* RestructureTests.swift */; };
		DEDB6FF51BCBD4D30069F0F0 /* RestructureUITests.swift in Sources */ = {isa = PBXBuildFile; fileRef = DEDB6FF41BCBD4D30069F0F0 /* RestructureUITests.swift */; };
/* End PBXBuildFile section */

/* Begin PBXContainerItemProxy section */
		DEDB6FE61BCBD4D30069F0F0 /* PBXContainerItemProxy */ = {
			isa = PBXContainerItemProxy;
			containerPortal = DEDB6FC91BCBD4D30069F0F0 /* Project object */;
			proxyType = 1;
			remoteGlobalIDString = DEDB6FD01BCBD4D30069F0F0;
			remoteInfo = Restructure;
		};
		DEDB6FF11BCBD4D30069F0F0 /* PBXContainerItemProxy */ = {
			isa = PBXContainerItemProxy;
			containerPortal = DEDB6FC91BCBD4D30069F0F0 /* Project object */;
			proxyType = 1;
			remoteGlobalIDString = DEDB6FD01BCBD4D30069F0F0;
			remoteInfo = Restructure;
		};
/* End PBXContainerItemProxy section */

/* Begin PBXFileReference section */
		DEDB6FD11BCBD4D30069F0F0 /* Restructure.app */ = {isa = PBXFileReference; explicitFileType = wrapper.application; includeInIndex = 0; path = Restructure.app; sourceTree = BUILT_PRODUCTS_DIR; };
		DEDB6FD41BCBD4D30069F0F0 /* AppDelegate.swift */ = {isa = PBXFileReference; lastKnownFileType = sourcecode.swift; path = AppDelegate.swift; sourceTree = "<group>"; };
		DEDB6FD61BCBD4D30069F0F0 /* ViewController.swift */ = {isa = PBXFileReference; lastKnownFileType = sourcecode.swift; path = ViewController.swift; sourceTree = "<group>"; };
		DEDB6FD91BCBD4D30069F0F0 /* Base */ = {isa = PBXFileReference; lastKnownFileType = file.storyboard; name = Base; path = Base.lproj/Main.storyboard; sourceTree = "<group>"; };
		DEDB6FDB1BCBD4D30069F0F0 /* Assets.xcassets */ = {isa = PBXFileReference; lastKnownFileType = folder.assetcatalog; path = Assets.xcassets; sourceTree = "<group>"; };
		DEDB6FDE1BCBD4D30069F0F0 /* Base */ = {isa = PBXFileReference; lastKnownFileType = file.storyboard; name = Base; path = Base.lproj/LaunchScreen.storyboard; sourceTree = "<group>"; };
		DEDB6FE01BCBD4D30069F0F0 /* Info.plist */ = {isa = PBXFileReference; lastKnownFileType = text.plist.xml; path = Info.plist; sourceTree = "<group>"; };
		DEDB6FE51BCBD4D30069F0F0 /* RestructureTests.xctest */ = {isa = PBXFileReference; explicitFileType = wrapper.cfbundle; includeInIndex = 0; path = RestructureTests.xctest; sourceTree = BUILT_PRODUCTS_DIR; };
		DEDB6FE91BCBD4D30069F0F0 /* RestructureTests.swift */ = {isa = PBXFileReference; lastKnownFileType = sourcecode.swift; path = RestructureTests.swift; sourceTree = "<group>"; };
		DEDB6FEB1BCBD4D30069F0F0 /* Info.plist */ = {isa = PBXFileReference; lastKnownFileType = text.plist.xml; path = Info.plist; sourceTree = "<group>"; };
		DEDB6FF01BCBD4D30069F0F0 /* RestructureUITests.xctest */ = {isa = PBXFileReference; explicitFileType = wrapper.cfbundle; includeInIndex = 0; path = RestructureUITests.xctest; sourceTree = BUILT_PRODUCTS_DIR; };
		DEDB6FF41BCBD4D30069F0F0 /* RestructureUITests.swift */ = {isa = PBXFileReference; lastKnownFileType = sourcecode.swift; path = RestructureUITests.swift; sourceTree = "<group>"; };
		DEDB6FF61BCBD4D30069F0F0 /* Info.plist */ = {isa = PBXFileReference; lastKnownFileType = text.plist.xml; path = Info.plist; sourceTree = "<group>"; };
/* End PBXFileReference section */

/* Begin PBXFrameworksBuildPhase section */
		DEDB6FCE1BCBD4D30069F0F0 /* Frameworks */ = {
			isa = PBXFrameworksBuildPhase;
			buildActionMask = 2147483647;
			files = (
			);
			runOnlyForDeploymentPostprocessing = 0;
		};
		DEDB6FE21BCBD4D30069F0F0 /* Frameworks */ = {
			isa = PBXFrameworksBuildPhase;
			buildActionMask = 2147483647;
			files = (
			);
			runOnlyForDeploymentPostprocessing = 0;
		};
		DEDB6FED1BCBD4D30069F0F0 /* Frameworks */ = {
			isa = PBXFrameworksBuildPhase;
			buildActionMask = 2147483647;
			files = (
			);
			runOnlyForDeploymentPostprocessing = 0;
		};
/* End PBXFrameworksBuildPhase section */

/* Begin PBXGroup section */
		DEDB6FC81BCBD4D30069F0F0 = {
			isa = PBXGroup;
			children = (
				DEDB6FD31BCBD4D30069F0F0 /* Restructure */,
				DEDB6FE81BCBD4D30069F0F0 /* RestructureTests */,
				DEDB6FF31BCBD4D30069F0F0 /* RestructureUITests */,
				DEDB6FD21BCBD4D30069F0F0 /* Products */,
			);
			sourceTree = "<group>";
		};
		DEDB6FD21BCBD4D30069F0F0 /* Products */ = {
			isa = PBXGroup;
			children = (
				DEDB6FD11BCBD4D30069F0F0 /* Restructure.app */,
				DEDB6FE51BCBD4D30069F0F0 /* RestructureTests.xctest */,
				DEDB6FF01BCBD4D30069F0F0 /* RestructureUITests.xctest */,
			);
			name = Products;
			sourceTree = "<group>";
		};
		DEDB6FD31BCBD4D30069F0F0 /* Restructure */ = {
			isa = PBXGroup;
			children = (
				DEDB6FD41BCBD4D30069F0F0 /* AppDelegate.swift */,
				DEDB6FD61BCBD4D30069F0F0 /* ViewController.swift */,
				DEDB6FD81BCBD4D30069F0F0 /* Main.storyboard */,
				DEDB6FDB1BCBD4D30069F0F0 /* Assets.xcassets */,
				DEDB6FDD1BCBD4D30069F0F0 /* LaunchScreen.storyboard */,
				DEDB6FE01BCBD4D30069F0F0 /* Info.plist */,
			);
			path = Restructure;
			sourceTree = "<group>";
		};
		DEDB6FE81BCBD4D30069F0F0 /* RestructureTests */ = {
			isa = PBXGroup;
			children = (
				DEDB6FE91BCBD4D30069F0F0 /* RestructureTests.swift */,
				DEDB6FEB1BCBD4D30069F0F0 /* Info.plist */,
			);
			path = RestructureTests;
			sourceTree = "<group>";
		};
		DEDB6FF31BCBD4D30069F0F0 /* RestructureUITests */ = {
			isa = PBXGroup;
			children = (
				DEDB6FF41BCBD4D30069F0F0 /* RestructureUITests.swift */,
				DEDB6FF61BCBD4D30069F0F0 /* Info.plist */,
			);
			path = RestructureUITests;
			sourceTree = "<group>";
		};
/* End PBXGroup section */

/* Begin PBXNativeTarget section */
		DEDB6FD01BCBD4D30069F0F0 /* Restructure */ = {
			isa = PBXNativeTarget;
			buildConfigurationList = DEDB6FF91BCBD4D30069F0F0 /* Build configuration list for PBXNativeTarget "Restructure" */;
			buildPhases = (
				DEDB6FCD1BCBD4D30069F0F0 /* Sources */,
				DEDB6FCE1BCBD4D30069F0F0 /* Frameworks */,
				DEDB6FCF1BCBD4D30069F0F0 /* Resources */,
			);
			buildRules = (
			);
			dependencies = (
			);
			name = Restructure;
			productName = Restructure;
			productReference = DEDB6FD11BCBD4D30069F0F0 /* Restructure.app */;
			productType = "com.apple.product-type.application";
		};
		DEDB6FE41BCBD4D30069F0F0 /* RestructureTests */ = {
			isa = PBXNativeTarget;
			buildConfigurationList = DEDB6FFC1BCBD4D30069F0F0 /* Build configuration list for PBXNativeTarget "RestructureTests" */;
			buildPhases = (
				DEDB6FE11BCBD4D30069F0F0 /* Sources */,
				DEDB6FE21BCBD4D30069F0F0 /* Frameworks */,
				DEDB6FE31BCBD4D30069F0F0 /* Resources */,
			);
			buildRules = (
			);
			dependencies = (
				DEDB6FE71BCBD4D30069F0F0 /* PBXTargetDependency */,
			);
			name = RestructureTests;
			productName = RestructureTests;
			productReference = DEDB6FE51BCBD4D30069F0F0 /* RestructureTests.xctest */;
			productType = "com.apple.product-type.bundle.unit-test";
		};
		DEDB6FEF1BCBD4D30069F0F0 /* RestructureUITests */ = {
			isa = PBXNativeTarget;
			buildConfigurationList = DEDB6FFF1BCBD4D30069F0F0 /* Build configuration list for PBXNativeTarget "RestructureUITests" */;
			buildPhases = (
				DEDB6FEC1BCBD4D30069F0F0 /* Sources */,
				DEDB6FED1BCBD4D30069F0F0 /* Frameworks */,
				DEDB6FEE1BCBD4D30069F0F0 /* Resources */,
			);
			buildRules = (
			);
			dependencies = (
				DEDB6FF21BCBD4D30069F0F0 /* PBXTargetDependency */,
			);
			name = RestructureUITests;
			productName = RestructureUITests;
			productReference = DEDB6FF01BCBD4D30069F0F0 /* RestructureUITests.xctest */;
			productType = "com.apple.product-type.bundle.ui-testing";
		};
/* End PBXNativeTarget section */

/* Begin PBXProject section */
		DEDB6FC91BCBD4D30069F0F0 /* Project object */ = {
			isa = PBXProject;
			attributes = {
				LastUpgradeCheck = 0700;
				ORGANIZATIONNAME = "张培栋";
				TargetAttributes = {
					DEDB6FD01BCBD4D30069F0F0 = {
						CreatedOnToolsVersion = 7.0.1;
					};
					DEDB6FE41BCBD4D30069F0F0 = {
						CreatedOnToolsVersion = 7.0.1;
						TestTargetID = DEDB6FD01BCBD4D30069F0F0;
					};
					DEDB6FEF1BCBD4D30069F0F0 = {
						CreatedOnToolsVersion = 7.0.1;
						TestTargetID = DEDB6FD01BCBD4D30069F0F0;
					};
				};
			};
			buildConfigurationList = DEDB6FCC1BCBD4D30069F0F0 /* Build configuration list for PBXProject "Restructure" */;
			compatibilityVersion = "Xcode 3.2";
			developmentRegion = English;
			hasScannedForEncodings = 0;
			knownRegions = (
				en,
				Base,
			);
			mainGroup = DEDB6FC81BCBD4D30069F0F0;
			productRefGroup = DEDB6FD21BCBD4D30069F0F0 /* Products */;
			projectDirPath = "";
			projectRoot = "";
			targets = (
				DEDB6FD01BCBD4D30069F0F0 /* Restructure */,
				DEDB6FE41BCBD4D30069F0F0 /* RestructureTests */,
				DEDB6FEF1BCBD4D30069F0F0 /* RestructureUITests */,
			);
		};
/* End PBXProject section */

/* Begin PBXResourcesBuildPhase section */
		DEDB6FCF1BCBD4D30069F0F0 /* Resources */ = {
			isa = PBXResourcesBuildPhase;
			buildActionMask = 2147483647;
			files = (
				DEDB6FDF1BCBD4D30069F0F0 /* LaunchScreen.storyboard in Resources */,
				DEDB6FDC1BCBD4D30069F0F0 /* Assets.xcassets in Resources */,
				DEDB6FDA1BCBD4D30069F0F0 /* Main.storyboard in Resources */,
			);
			runOnlyForDeploymentPostprocessing = 0;
		};
		DEDB6FE31BCBD4D30069F0F0 /* Resources */ = {
			isa = PBXResourcesBuildPhase;
			buildActionMask = 2147483647;
			files = (
			);
			runOnlyForDeploymentPostprocessing = 0;
		};
		DEDB6FEE1BCBD4D30069F0F0 /* Resources */ = {
			isa = PBXResourcesBuildPhase;
			buildActionMask = 2147483647;
			files = (
			);
			runOnlyForDeploymentPostprocessing = 0;
		};
/* End PBXResourcesBuildPhase section */

/* Begin PBXSourcesBuildPhase section */
		DEDB6FCD1BCBD4D30069F0F0 /* Sources */ = {
			isa = PBXSourcesBuildPhase;
			buildActionMask = 2147483647;
			files = (
				DEDB6FD71BCBD4D30069F0F0 /* ViewController.swift in Sources */,
				DEDB6FD51BCBD4D30069F0F0 /* AppDelegate.swift in Sources */,
			);
			runOnlyForDeploymentPostprocessing = 0;
		};
		DEDB6FE11BCBD4D30069F0F0 /* Sources */ = {
			isa = PBXSourcesBuildPhase;
			buildActionMask = 2147483647;
			files = (
				DEDB6FEA1BCBD4D30069F0F0 /* RestructureTests.swift in Sources */,
			);
			runOnlyForDeploymentPostprocessing = 0;
		};
		DEDB6FEC1BCBD4D30069F0F0 /* Sources */ = {
			isa = PBXSourcesBuildPhase;
			buildActionMask = 2147483647;
			files = (
				DEDB6FF51BCBD4D30069F0F0 /* RestructureUITests.swift in Sources */,
			);
			runOnlyForDeploymentPostprocessing = 0;
		};
/* End PBXSourcesBuildPhase section */

/* Begin PBXTargetDependency section */
		DEDB6FE71BCBD4D30069F0F0 /* PBXTargetDependency */ = {
			isa = PBXTargetDependency;
			target = DEDB6FD01BCBD4D30069F0F0 /* Restructure */;
			targetProxy = DEDB6FE61BCBD4D30069F0F0 /* PBXContainerItemProxy */;
		};
		DEDB6FF21BCBD4D30069F0F0 /* PBXTargetDependency */ = {
			isa = PBXTargetDependency;
			target = DEDB6FD01BCBD4D30069F0F0 /* Restructure */;
			targetProxy = DEDB6FF11BCBD4D30069F0F0 /* PBXContainerItemProxy */;
		};
/* End PBXTargetDependency section */

/* Begin PBXVariantGroup section */
		DEDB6FD81BCBD4D30069F0F0 /* Main.storyboard */ = {
			isa = PBXVariantGroup;
			children = (
				DEDB6FD91BCBD4D30069F0F0 /* Base */,
			);
			name = Main.storyboard;
			sourceTree = "<group>";
		};
		DEDB6FDD1BCBD4D30069F0F0 /* LaunchScreen.storyboard */ = {
			isa = PBXVariantGroup;
			children = (
				DEDB6FDE1BCBD4D30069F0F0 /* Base */,
			);
			name = LaunchScreen.storyboard;
			sourceTree = "<group>";
		};
/* End PBXVariantGroup section */

/* Begin XCBuildConfiguration section */
		DEDB6FF71BCBD4D30069F0F0 /* Debug */ = {
			isa = XCBuildConfiguration;
			buildSettings = {
				ALWAYS_SEARCH_USER_PATHS = NO;
				CLANG_CXX_LANGUAGE_STANDARD = "gnu++0x";
				CLANG_CXX_LIBRARY = "libc++";
				CLANG_ENABLE_MODULES = YES;
				CLANG_ENABLE_OBJC_ARC = YES;
				CLANG_WARN_BOOL_CONVERSION = YES;
				CLANG_WARN_CONSTANT_CONVERSION = YES;
				CLANG_WARN_DIRECT_OBJC_ISA_USAGE = YES_ERROR;
				CLANG_WARN_EMPTY_BODY = YES;
				CLANG_WARN_ENUM_CONVERSION = YES;
				CLANG_WARN_INT_CONVERSION = YES;
				CLANG_WARN_OBJC_ROOT_CLASS = YES_ERROR;
				CLANG_WARN_UNREACHABLE_CODE = YES;
				CLANG_WARN__DUPLICATE_METHOD_MATCH = YES;
				"CODE_SIGN_IDENTITY[sdk=iphoneos*]" = "iPhone Developer";
				COPY_PHASE_STRIP = NO;
				DEBUG_INFORMATION_FORMAT = dwarf;
				ENABLE_STRICT_OBJC_MSGSEND = YES;
				ENABLE_TESTABILITY = YES;
				GCC_C_LANGUAGE_STANDARD = gnu99;
				GCC_DYNAMIC_NO_PIC = NO;
				GCC_NO_COMMON_BLOCKS = YES;
				GCC_OPTIMIZATION_LEVEL = 0;
				GCC_PREPROCESSOR_DEFINITIONS = (
					"DEBUG=1",
					"$(inherited)",
				);
				GCC_WARN_64_TO_32_BIT_CONVERSION = YES;
				GCC_WARN_ABOUT_RETURN_TYPE = YES_ERROR;
				GCC_WARN_UNDECLARED_SELECTOR = YES;
				GCC_WARN_UNINITIALIZED_AUTOS = YES_AGGRESSIVE;
				GCC_WARN_UNUSED_FUNCTION = YES;
				GCC_WARN_UNUSED_VARIABLE = YES;
				IPHONEOS_DEPLOYMENT_TARGET = 9.0;
				MTL_ENABLE_DEBUG_INFO = YES;
				ONLY_ACTIVE_ARCH = YES;
				SDKROOT = iphoneos;
				SWIFT_OPTIMIZATION_LEVEL = "-Onone";
				TARGETED_DEVICE_FAMILY = "1,2";
			};
			name = Debug;
		};
		DEDB6FF81BCBD4D30069F0F0 /* Release */ = {
			isa = XCBuildConfiguration;
			buildSettings = {
				ALWAYS_SEARCH_USER_PATHS = NO;
				CLANG_CXX_LANGUAGE_STANDARD = "gnu++0x";
				CLANG_CXX_LIBRARY = "libc++";
				CLANG_ENABLE_MODULES = YES;
				CLANG_ENABLE_OBJC_ARC = YES;
				CLANG_WARN_BOOL_CONVERSION = YES;
				CLANG_WARN_CONSTANT_CONVERSION = YES;
				CLANG_WARN_DIRECT_OBJC_ISA_USAGE = YES_ERROR;
				CLANG_WARN_EMPTY_BODY = YES;
				CLANG_WARN_ENUM_CONVERSION = YES;
				CLANG_WARN_INT_CONVERSION = YES;
				CLANG_WARN_OBJC_ROOT_CLASS = YES_ERROR;
				CLANG_WARN_UNREACHABLE_CODE = YES;
				CLANG_WARN__DUPLICATE_METHOD_MATCH = YES;
				"CODE_SIGN_IDENTITY[sdk=iphoneos*]" = "iPhone Developer";
				COPY_PHASE_STRIP = NO;
				DEBUG_INFORMATION_FORMAT = "dwarf-with-dsym";
				ENABLE_NS_ASSERTIONS = NO;
				ENABLE_STRICT_OBJC_MSGSEND = YES;
				GCC_C_LANGUAGE_STANDARD = gnu99;
				GCC_NO_COMMON_BLOCKS = YES;
				GCC_WARN_64_TO_32_BIT_CONVERSION = YES;
				GCC_WARN_ABOUT_RETURN_TYPE = YES_ERROR;
				GCC_WARN_UNDECLARED_SELECTOR = YES;
				GCC_WARN_UNINITIALIZED_AUTOS = YES_AGGRESSIVE;
				GCC_WARN_UNUSED_FUNCTION = YES;
				GCC_WARN_UNUSED_VARIABLE = YES;
				IPHONEOS_DEPLOYMENT_TARGET = 9.0;
				MTL_ENABLE_DEBUG_INFO = NO;
				SDKROOT = iphoneos;
				TARGETED_DEVICE_FAMILY = "1,2";
				VALIDATE_PRODUCT = YES;
			};
			name = Release;
		};
		DEDB6FFA1BCBD4D30069F0F0 /* Debug */ = {
			isa = XCBuildConfiguration;
			buildSettings = {
				ASSETCATALOG_COMPILER_APPICON_NAME = AppIcon;
				INFOPLIST_FILE = Restructure/Info.plist;
				LD_RUNPATH_SEARCH_PATHS = "$(inherited) @executable_path/Frameworks";
				PRODUCT_BUNDLE_IDENTIFIER = "-540480285-qq.com.Restructure";
				PRODUCT_NAME = "$(TARGET_NAME)";
			};
			name = Debug;
		};
		DEDB6FFB1BCBD4D30069F0F0 /* Release */ = {
			isa = XCBuildConfiguration;
			buildSettings = {
				ASSETCATALOG_COMPILER_APPICON_NAME = AppIcon;
				INFOPLIST_FILE = Restructure/Info.plist;
				LD_RUNPATH_SEARCH_PATHS = "$(inherited) @executable_path/Frameworks";
				PRODUCT_BUNDLE_IDENTIFIER = "-540480285-qq.com.Restructure";
				PRODUCT_NAME = "$(TARGET_NAME)";
			};
			name = Release;
		};
		DEDB6FFD1BCBD4D30069F0F0 /* Debug */ = {
			isa = XCBuildConfiguration;
			buildSettings = {
				BUNDLE_LOADER = "$(TEST_HOST)";
				INFOPLIST_FILE = RestructureTests/Info.plist;
				LD_RUNPATH_SEARCH_PATHS = "$(inherited) @executable_path/Frameworks @loader_path/Frameworks";
				PRODUCT_BUNDLE_IDENTIFIER = "-540480285-qq.com.RestructureTests";
				PRODUCT_NAME = "$(TARGET_NAME)";
				TEST_HOST = "$(BUILT_PRODUCTS_DIR)/Restructure.app/Restructure";
			};
			name = Debug;
		};
		DEDB6FFE1BCBD4D30069F0F0 /* Release */ = {
			isa = XCBuildConfiguration;
			buildSettings = {
				BUNDLE_LOADER = "$(TEST_HOST)";
				INFOPLIST_FILE = RestructureTests/Info.plist;
				LD_RUNPATH_SEARCH_PATHS = "$(inherited) @executable_path/Frameworks @loader_path/Frameworks";
				PRODUCT_BUNDLE_IDENTIFIER = "-540480285-qq.com.RestructureTests";
				PRODUCT_NAME = "$(TARGET_NAME)";
				TEST_HOST = "$(BUILT_PRODUCTS_DIR)/Restructure.app/Restructure";
			};
			name = Release;
		};
		DEDB70001BCBD4D30069F0F0 /* Debug */ = {
			isa = XCBuildConfiguration;
			buildSettings = {
				INFOPLIST_FILE = RestructureUITests/Info.plist;
				LD_RUNPATH_SEARCH_PATHS = "$(inherited) @executable_path/Frameworks @loader_path/Frameworks";
				PRODUCT_BUNDLE_IDENTIFIER = "-540480285-qq.com.RestructureUITests";
				PRODUCT_NAME = "$(TARGET_NAME)";
				TEST_TARGET_NAME = Restructure;
				USES_XCTRUNNER = YES;
			};
			name = Debug;
		};
		DEDB70011BCBD4D30069F0F0 /* Release */ = {
			isa = XCBuildConfiguration;
			buildSettings = {
				INFOPLIST_FILE = RestructureUITests/Info.plist;
				LD_RUNPATH_SEARCH_PATHS = "$(inherited) @executable_path/Frameworks @loader_path/Frameworks";
				PRODUCT_BUNDLE_IDENTIFIER = "-540480285-qq.com.RestructureUITests";
				PRODUCT_NAME = "$(TARGET_NAME)";
				TEST_TARGET_NAME = Restructure;
				USES_XCTRUNNER = YES;
			};
			name = Release;
		};
/* End XCBuildConfiguration section */

/* Begin XCConfigurationList section */
		DEDB6FCC1BCBD4D30069F0F0 /* Build configuration list for PBXProject "Restructure" */ = {
			isa = XCConfigurationList;
			buildConfigurations = (
				DEDB6FF71BCBD4D30069F0F0 /* Debug */,
				DEDB6FF81BCBD4D30069F0F0 /* Release */,
			);
			defaultConfigurationIsVisible = 0;
			defaultConfigurationName = Release;
		};
		DEDB6FF91BCBD4D30069F0F0 /* Build configuration list for PBXNativeTarget "Restructure" */ = {
			isa = XCConfigurationList;
			buildConfigurations = (
				DEDB6FFA1BCBD4D30069F0F0 /* Debug */,
				DEDB6FFB1BCBD4D30069F0F0 /* Release */,
			);
			defaultConfigurationIsVisible = 0;
		};
		DEDB6FFC1BCBD4D30069F0F0 /* Build configuration list for PBXNativeTarget "RestructureTests" */ = {
			isa = XCConfigurationList;
			buildConfigurations = (
				DEDB6FFD1BCBD4D30069F0F0 /* Debug */,
				DEDB6FFE1BCBD4D30069F0F0 /* Release */,
			);
			defaultConfigurationIsVisible = 0;
		};
		DEDB6FFF1BCBD4D30069F0F0 /* Build configuration list for PBXNativeTarget "RestructureUITests" */ = {
			isa = XCConfigurationList;
			buildConfigurations = (
				DEDB70001BCBD4D30069F0F0 /* Debug */,
				DEDB70011BCBD4D30069F0F0 /* Release */,
			);
			defaultConfigurationIsVisible = 0;
		};
/* End XCConfigurationList section */
	};
	rootObject = DEDB6FC91BCBD4D30069F0F0 /* Project object */;
}
